
Microsoft Visual Studio Solution File, Format Version 12.00
# Visual Studio 2013
VisualStudioVersion = 12.0.31101.0
MinimumVisualStudioVersion = 10.0.40219.1
Project("{FAE04EC0-301F-11D3-BF4B-00C04F79EFBC}") = "Diagrammy.Objects", "Objects/Diagrammy.Objects.csproj", "{1E485B73-E578-4B46-93C3-C1501A19B5EE}"
EndProject
Project("{FAE04EC0-301F-11D3-BF4B-00C04F79EFBC}") = "Diagrammy.ODataBackend", "ODataBackend/Diagrammy.ODataBackend.csproj", "{32E34A77-C532-42C2-B109-FEC490ABDC5E}"
EndProject
Global
	GlobalSection(SolutionConfigurationPlatforms) = preSolution
Debug|Any CPU = Debug|Any CPU
Release|Any CPU = Release|Any CPU
	EndGlobalSection
	GlobalSection(ProjectConfigurationPlatforms) = postSolution
		{1E485B73-E578-4B46-93C3-C1501A19B5EE}.Debug|Any CPU.ActiveCfg = Debug|Any CPU
		{1E485B73-E578-4B46-93C3-C1501A19B5EE}.Debug|Any CPU.Build.0 = Debug|Any CPU
		{1E485B73-E578-4B46-93C3-C1501A19B5EE}.Release|Any CPU.ActiveCfg = Release|Any CPU
		{1E485B73-E578-4B46-93C3-C1501A19B5EE}.Release|Any CPU.Build.0 = Release|Any CPU
		{32E34A77-C532-42C2-B109-FEC490ABDC5E}.Debug|Any CPU.ActiveCfg = Debug|Any CPU
		{32E34A77-C532-42C2-B109-FEC490ABDC5E}.Debug|Any CPU.Build.0 = Debug|Any CPU
		{32E34A77-C532-42C2-B109-FEC490ABDC5E}.Release|Any CPU.ActiveCfg = Release|Any CPU
		{32E34A77-C532-42C2-B109-FEC490ABDC5E}.Release|Any CPU.Build.0 = Release|Any CPU
	EndGlobalSection
	GlobalSection(SolutionProperties) = preSolution
		HideSolutionNode = FALSE
	EndGlobalSection
EndGlobal
